
Microsoft Visual Studio Solution File, Format Version 12.00
# Visual Studio Version 17
VisualStudioVersion = 17.4.33205.214
MinimumVisualStudioVersion = 10.0.40219.1
Project("{9A19103F-16F7-4668-BE54-9A1E7A4F7556}") = "Faker", "Faker\Faker.csproj", "{6954BF74-3EC4-411A-A063-F920DFD1AAF9}"
EndProject
Global
	GlobalSection(SolutionConfigurationPlatforms) = preSolution
		Debug|Any CPU = Debug|Any CPU
		Release|Any CPU = Release|Any CPU
	EndGlobalSection
	GlobalSection(ProjectConfigurationPlatforms) = postSolution
		{6954BF74-3EC4-411A-A063-F920DFD1AAF9}.Debug|Any CPU.ActiveCfg = Debug|Any CPU
		{6954BF74-3EC4-411A-A063-F920DFD1AAF9}.Debug|Any CPU.Build.0 = Debug|Any CPU
		{6954BF74-3EC4-411A-A063-F920DFD1AAF9}.Release|Any CPU.ActiveCfg = Release|Any CPU
		{6954BF74-3EC4-411A-A063-F920DFD1AAF9}.Release|Any CPU.Build.0 = Release|Any CPU
	EndGlobalSection
	GlobalSection(SolutionProperties) = preSolution
		HideSolutionNode = FALSE
	EndGlobalSection
	GlobalSection(ExtensibilityGlobals) = postSolution
		SolutionGuid = {99DD629A-B065-4FC1-A1C4-4BBD16A08823}
	EndGlobalSection
EndGlobal
